
Microsoft Visual Studio Solution File, Format Version 12.00
# Visual Studio 15
VisualStudioVersion = 15.0.27004.2009
MinimumVisualStudioVersion = 10.0.40219.1
Project("{FAE04EC0-301F-11D3-BF4B-00C04F79EFBC}") = "Server", "Server\Server.csproj", "{05CEF2F5-16A5-4187-9363-630E4E55CE5A}"
EndProject
Project("{FAE04EC0-301F-11D3-BF4B-00C04F79EFBC}") = "Client", "Client\Client.csproj", "{040539AA-7F98-4902-84FB-B46F65F15092}"
EndProject
Project("{FAE04EC0-301F-11D3-BF4B-00C04F79EFBC}") = "MyLib", "MyLib\MyLib.csproj", "{78FCE746-E053-48E4-84ED-42BC2239E5C6}"
EndProject
Global
	GlobalSection(SolutionConfigurationPlatforms) = preSolution
		Debug|Any CPU = Debug|Any CPU
		Release|Any CPU = Release|Any CPU
	EndGlobalSection
	GlobalSection(ProjectConfigurationPlatforms) = postSolution
		{05CEF2F5-16A5-4187-9363-630E4E55CE5A}.Debug|Any CPU.ActiveCfg = Debug|Any CPU
		{05CEF2F5-16A5-4187-9363-630E4E55CE5A}.Debug|Any CPU.Build.0 = Debug|Any CPU
		{05CEF2F5-16A5-4187-9363-630E4E55CE5A}.Release|Any CPU.ActiveCfg = Release|Any CPU
		{05CEF2F5-16A5-4187-9363-630E4E55CE5A}.Release|Any CPU.Build.0 = Release|Any CPU
		{040539AA-7F98-4902-84FB-B46F65F15092}.Debug|Any CPU.ActiveCfg = Debug|Any CPU
		{040539AA-7F98-4902-84FB-B46F65F15092}.Debug|Any CPU.Build.0 = Debug|Any CPU
		{040539AA-7F98-4902-84FB-B46F65F15092}.Release|Any CPU.ActiveCfg = Release|Any CPU
		{040539AA-7F98-4902-84FB-B46F65F15092}.Release|Any CPU.Build.0 = Release|Any CPU
		{78FCE746-E053-48E4-84ED-42BC2239E5C6}.Debug|Any CPU.ActiveCfg = Debug|Any CPU
		{78FCE746-E053-48E4-84ED-42BC2239E5C6}.Debug|Any CPU.Build.0 = Debug|Any CPU
		{78FCE746-E053-48E4-84ED-42BC2239E5C6}.Release|Any CPU.ActiveCfg = Release|Any CPU
		{78FCE746-E053-48E4-84ED-42BC2239E5C6}.Release|Any CPU.Build.0 = Release|Any CPU
	EndGlobalSection
	GlobalSection(SolutionProperties) = preSolution
		HideSolutionNode = FALSE
	EndGlobalSection
	GlobalSection(ExtensibilityGlobals) = postSolution
		SolutionGuid = {AFC2B12D-E776-41B9-A862-ECC664FD3FE6}
	EndGlobalSection
EndGlobal
